
Microsoft Visual Studio Solution File, Format Version 12.00
# Visual Studio Version 17
VisualStudioVersion = 17.8.34330.188
MinimumVisualStudioVersion = 10.0.40219.1
Project("{FAE04EC0-301F-11D3-BF4B-00C04F79EFBC}") = "LibraryManagementSystem", "LibraryManagementSystem\LibraryManagementSystem.csproj", "{52143BBF-7556-4F74-93AB-11BB6B84F590}"
EndProject
Global
	GlobalSection(SolutionConfigurationPlatforms) = preSolution
		Debug|Any CPU = Debug|Any CPU
		Release|Any CPU = Release|Any CPU
	EndGlobalSection
	GlobalSection(ProjectConfigurationPlatforms) = postSolution
		{52143BBF-7556-4F74-93AB-11BB6B84F590}.Debug|Any CPU.ActiveCfg = Debug|Any CPU
		{52143BBF-7556-4F74-93AB-11BB6B84F590}.Debug|Any CPU.Build.0 = Debug|Any CPU
		{52143BBF-7556-4F74-93AB-11BB6B84F590}.Release|Any CPU.ActiveCfg = Release|Any CPU
		{52143BBF-7556-4F74-93AB-11BB6B84F590}.Release|Any CPU.Build.0 = Release|Any CPU
	EndGlobalSection
	GlobalSection(SolutionProperties) = preSolution
		HideSolutionNode = FALSE
	EndGlobalSection
	GlobalSection(ExtensibilityGlobals) = postSolution
		SolutionGuid = {F4B3DB98-1B77-41B4-B0B9-4B93401894CC}
	EndGlobalSection
EndGlobal
